
Microsoft Visual Studio Solution File, Format Version 12.00
# Visual Studio Version 16
VisualStudioVersion = 16.0.29201.188
MinimumVisualStudioVersion = 10.0.40219.1
Project("{FAE04EC0-301F-11D3-BF4B-00C04F79EFBC}") = "TestDmx", "TestDmx\TestDmx.csproj", "{64E49C40-E42D-49C5-8DB7-2DDBD030C95F}"
EndProject
Global
	GlobalSection(SolutionConfigurationPlatforms) = preSolution
		Debug|Any CPU = Debug|Any CPU
		Release|Any CPU = Release|Any CPU
	EndGlobalSection
	GlobalSection(ProjectConfigurationPlatforms) = postSolution
		{64E49C40-E42D-49C5-8DB7-2DDBD030C95F}.Debug|Any CPU.ActiveCfg = Debug|Any CPU
		{64E49C40-E42D-49C5-8DB7-2DDBD030C95F}.Debug|Any CPU.Build.0 = Debug|Any CPU
		{64E49C40-E42D-49C5-8DB7-2DDBD030C95F}.Release|Any CPU.ActiveCfg = Release|Any CPU
		{64E49C40-E42D-49C5-8DB7-2DDBD030C95F}.Release|Any CPU.Build.0 = Release|Any CPU
	EndGlobalSection
	GlobalSection(SolutionProperties) = preSolution
		HideSolutionNode = FALSE
	EndGlobalSection
	GlobalSection(ExtensibilityGlobals) = postSolution
		SolutionGuid = {6891DA75-BDF9-4C0F-B3E3-8F1E823B7BA1}
	EndGlobalSection
EndGlobal
